// !$*UTF8*$!
{
	archiveVersion = 1;
	classes = {
	};
	objectVersion = 56;
	objects = {

/* Begin PBXBuildFile section */
		B11B234929C0FEBC0065BBCF /* CelciusConverter.swift in Sources */ = {isa = PBXBuildFile; fileRef = B11B234829C0FEBC0065BBCF /* CelciusConverter.swift */; };
		B1D4203029C0A23B00C3D06A /* AppDelegate.swift in Sources */ = {isa = PBXBuildFile; fileRef = B1D4202F29C0A23B00C3D06A /* AppDelegate.swift */; };
		B1D4203229C0A23B00C3D06A /* SceneDelegate.swift in Sources */ = {isa = PBXBuildFile; fileRef = B1D4203129C0A23B00C3D06A /* SceneDelegate.swift */; };
		B1D4203429C0A23B00C3D06A /* ViewController.swift in Sources */ = {isa = PBXBuildFile; fileRef = B1D4203329C0A23B00C3D06A /* ViewController.swift */; };
		B1D4203729C0A23B00C3D06A /* Main.storyboard in Resources */ = {isa = PBXBuildFile; fileRef = B1D4203529C0A23B00C3D06A /* Main.storyboard */; };
		B1D4203929C0A24100C3D06A /* Assets.xcassets in Resources */ = {isa = PBXBuildFile; fileRef = B1D4203829C0A24100C3D06A /* Assets.xcassets */; };
		B1D4203C29C0A24100C3D06A /* LaunchScreen.storyboard in Resources */ = {isa = PBXBuildFile; fileRef = B1D4203A29C0A24100C3D06A /* LaunchScreen.storyboard */; };
		B1D4204729C0A24100C3D06A /* TempconvertTests.swift in Sources */ = {isa = PBXBuildFile; fileRef = B1D4204629C0A24100C3D06A /* TempconvertTests.swift */; };
		B1D4205129C0A24100C3D06A /* TempconvertUITests.swift in Sources */ = {isa = PBXBuildFile; fileRef = B1D4205029C0A24100C3D06A /* TempconvertUITests.swift */; };
		B1D4205329C0A24100C3D06A /* TempconvertUITestsLaunchTests.swift in Sources */ = {isa = PBXBuildFile; fileRef = B1D4205229C0A24100C3D06A /* TempconvertUITestsLaunchTests.swift */; };
/* End PBXBuildFile section */

/* Begin PBXContainerItemProxy section */
		B1D4204329C0A24100C3D06A /* PBXContainerItemProxy */ = {
			isa = PBXContainerItemProxy;
			containerPortal = B1D4202429C0A23A00C3D06A /* Project object */;
			proxyType = 1;
			remoteGlobalIDString = B1D4202B29C0A23B00C3D06A;
			remoteInfo = Tempconvert;
		};
		B1D4204D29C0A24100C3D06A /* PBXContainerItemProxy */ = {
			isa = PBXContainerItemProxy;
			containerPortal = B1D4202429C0A23A00C3D06A /* Project object */;
			proxyType = 1;
			remoteGlobalIDString = B1D4202B29C0A23B00C3D06A;
			remoteInfo = Tempconvert;
		};
/* End PBXContainerItemProxy section */

/* Begin PBXFileReference section */
		B11B234829C0FEBC0065BBCF /* CelciusConverter.swift */ = {isa = PBXFileReference; lastKnownFileType = sourcecode.swift; path = CelciusConverter.swift; sourceTree = "<group>"; };
		B1D4202C29C0A23B00C3D06A /* Tempconvert.app */ = {isa = PBXFileReference; explicitFileType = wrapper.application; includeInIndex = 0; path = Tempconvert.app; sourceTree = BUILT_PRODUCTS_DIR; };
		B1D4202F29C0A23B00C3D06A /* AppDelegate.swift */ = {isa = PBXFileReference; lastKnownFileType = sourcecode.swift; path = AppDelegate.swift; sourceTree = "<group>"; };
		B1D4203129C0A23B00C3D06A /* SceneDelegate.swift */ = {isa = PBXFileReference; lastKnownFileType = sourcecode.swift; path = SceneDelegate.swift; sourceTree = "<group>"; };
		B1D4203329C0A23B00C3D06A /* ViewController.swift */ = {isa = PBXFileReference; lastKnownFileType = sourcecode.swift; path = ViewController.swift; sourceTree = "<group>"; };
		B1D4203629C0A23B00C3D06A /* Base */ = {isa = PBXFileReference; lastKnownFileType = file.storyboard; name = Base; path = Base.lproj/Main.storyboard; sourceTree = "<group>"; };
		B1D4203829C0A24100C3D06A /* Assets.xcassets */ = {isa = PBXFileReference; lastKnownFileType = folder.assetcatalog; path = Assets.xcassets; sourceTree = "<group>"; };
		B1D4203B29C0A24100C3D06A /* Base */ = {isa = PBXFileReference; lastKnownFileType = file.storyboard; name = Base; path = Base.lproj/LaunchScreen.storyboard; sourceTree = "<group>"; };
		B1D4203D29C0A24100C3D06A /* Info.plist */ = {isa = PBXFileReference; lastKnownFileType = text.plist.xml; path = Info.plist; sourceTree = "<group>"; };
		B1D4204229C0A24100C3D06A /* TempconvertTests.xctest */ = {isa = PBXFileReference; explicitFileType = wrapper.cfbundle; includeInIndex = 0; path = TempconvertTests.xctest; sourceTree = BUILT_PRODUCTS_DIR; };
		B1D4204629C0A24100C3D06A /* TempconvertTests.swift */ = {isa = PBXFileReference; lastKnownFileType = sourcecode.swift; path = TempconvertTests.swift; sourceTree = "<group>"; };
		B1D4204C29C0A24100C3D06A /* TempconvertUITests.xctest */ = {isa = PBXFileReference; explicitFileType = wrapper.cfbundle; includeInIndex = 0; path = TempconvertUITests.xctest; sourceTree = BUILT_PRODUCTS_DIR; };
		B1D4205029C0A24100C3D06A /* TempconvertUITests.swift */ = {isa = PBXFileReference; lastKnownFileType = sourcecode.swift; path = TempconvertUITests.swift; sourceTree = "<group>"; };
		B1D4205229C0A24100C3D06A /* TempconvertUITestsLaunchTests.swift */ = {isa = PBXFileReference; lastKnownFileType = sourcecode.swift; path = TempconvertUITestsLaunchTests.swift; sourceTree = "<group>"; };
/* End PBXFileReference section */

/* Begin PBXFrameworksBuildPhase section */
		B1D4202929C0A23B00C3D06A /* Frameworks */ = {
			isa = PBXFrameworksBuildPhase;
			buildActionMask = 2147483647;
			files = (
			);
			runOnlyForDeploymentPostprocessing = 0;
		};
		B1D4203F29C0A24100C3D06A /* Frameworks */ = {
			isa = PBXFrameworksBuildPhase;
			buildActionMask = 2147483647;
			files = (
			);
			runOnlyForDeploymentPostprocessing = 0;
		};
		B1D4204929C0A24100C3D06A /* Frameworks */ = {
			isa = PBXFrameworksBuildPhase;
			buildActionMask = 2147483647;
			files = (
			);
			runOnlyForDeploymentPostprocessing = 0;
		};
/* End PBXFrameworksBuildPhase section */

/* Begin PBXGroup section */
		B1D4202329C0A23A00C3D06A = {
			isa = PBXGroup;
			children = (
				B1D4202E29C0A23B00C3D06A /* Tempconvert */,
				B1D4204529C0A24100C3D06A /* TempconvertTests */,
				B1D4204F29C0A24100C3D06A /* TempconvertUITests */,
				B1D4202D29C0A23B00C3D06A /* Products */,
			);
			sourceTree = "<group>";
		};
		B1D4202D29C0A23B00C3D06A /* Products */ = {
			isa = PBXGroup;
			children = (
				B1D4202C29C0A23B00C3D06A /* Tempconvert.app */,
				B1D4204229C0A24100C3D06A /* TempconvertTests.xctest */,
				B1D4204C29C0A24100C3D06A /* TempconvertUITests.xctest */,
			);
			name = Products;
			sourceTree = "<group>";
		};
		B1D4202E29C0A23B00C3D06A /* Tempconvert */ = {
			isa = PBXGroup;
			children = (
				B1D4202F29C0A23B00C3D06A /* AppDelegate.swift */,
				B1D4203129C0A23B00C3D06A /* SceneDelegate.swift */,
				B1D4203329C0A23B00C3D06A /* ViewController.swift */,
				B11B234829C0FEBC0065BBCF /* CelciusConverter.swift */,
				B1D4203529C0A23B00C3D06A /* Main.storyboard */,
				B1D4203829C0A24100C3D06A /* Assets.xcassets */,
				B1D4203A29C0A24100C3D06A /* LaunchScreen.storyboard */,
				B1D4203D29C0A24100C3D06A /* Info.plist */,
			);
			path = Tempconvert;
			sourceTree = "<group>";
		};
		B1D4204529C0A24100C3D06A /* TempconvertTests */ = {
			isa = PBXGroup;
			children = (
				B1D4204629C0A24100C3D06A /* TempconvertTests.swift */,
			);
			path = TempconvertTests;
			sourceTree = "<group>";
		};
		B1D4204F29C0A24100C3D06A /* TempconvertUITests */ = {
			isa = PBXGroup;
			children = (
				B1D4205029C0A24100C3D06A /* TempconvertUITests.swift */,
				B1D4205229C0A24100C3D06A /* TempconvertUITestsLaunchTests.swift */,
			);
			path = TempconvertUITests;
			sourceTree = "<group>";
		};
/* End PBXGroup section */

/* Begin PBXNativeTarget section */
		B1D4202B29C0A23B00C3D06A /* Tempconvert */ = {
			isa = PBXNativeTarget;
			buildConfigurationList = B1D4205629C0A24100C3D06A /* Build configuration list for PBXNativeTarget "Tempconvert" */;
			buildPhases = (
				B1D4202829C0A23B00C3D06A /* Sources */,
				B1D4202929C0A23B00C3D06A /* Frameworks */,
				B1D4202A29C0A23B00C3D06A /* Resources */,
			);
			buildRules = (
			);
			dependencies = (
			);
			name = Tempconvert;
			productName = Tempconvert;
			productReference = B1D4202C29C0A23B00C3D06A /* Tempconvert.app */;
			productType = "com.apple.product-type.application";
		};
		B1D4204129C0A24100C3D06A /* TempconvertTests */ = {
			isa = PBXNativeTarget;
			buildConfigurationList = B1D4205929C0A24100C3D06A /* Build configuration list for PBXNativeTarget "TempconvertTests" */;
			buildPhases = (
				B1D4203E29C0A24100C3D06A /* Sources */,
				B1D4203F29C0A24100C3D06A /* Frameworks */,
				B1D4204029C0A24100C3D06A /* Resources */,
			);
			buildRules = (
			);
			dependencies = (
				B1D4204429C0A24100C3D06A /* PBXTargetDependency */,
			);
			name = TempconvertTests;
			productName = TempconvertTests;
			productReference = B1D4204229C0A24100C3D06A /* TempconvertTests.xctest */;
			productType = "com.apple.product-type.bundle.unit-test";
		};
		B1D4204B29C0A24100C3D06A /* TempconvertUITests */ = {
			isa = PBXNativeTarget;
			buildConfigurationList = B1D4205C29C0A24100C3D06A /* Build configuration list for PBXNativeTarget "TempconvertUITests" */;
			buildPhases = (
				B1D4204829C0A24100C3D06A /* Sources */,
				B1D4204929C0A24100C3D06A /* Frameworks */,
				B1D4204A29C0A24100C3D06A /* Resources */,
			);
			buildRules = (
			);
			dependencies = (
				B1D4204E29C0A24100C3D06A /* PBXTargetDependency */,
			);
			name = TempconvertUITests;
			productName = TempconvertUITests;
			productReference = B1D4204C29C0A24100C3D06A /* TempconvertUITests.xctest */;
			productType = "com.apple.product-type.bundle.ui-testing";
		};
/* End PBXNativeTarget section */

/* Begin PBXProject section */
		B1D4202429C0A23A00C3D06A /* Project object */ = {
			isa = PBXProject;
			attributes = {
				BuildIndependentTargetsInParallel = 1;
				LastSwiftUpdateCheck = 1420;
				LastUpgradeCheck = 1420;
				TargetAttributes = {
					B1D4202B29C0A23B00C3D06A = {
						CreatedOnToolsVersion = 14.2;
					};
					B1D4204129C0A24100C3D06A = {
						CreatedOnToolsVersion = 14.2;
						TestTargetID = B1D4202B29C0A23B00C3D06A;
					};
					B1D4204B29C0A24100C3D06A = {
						CreatedOnToolsVersion = 14.2;
						TestTargetID = B1D4202B29C0A23B00C3D06A;
					};
				};
			};
			buildConfigurationList = B1D4202729C0A23A00C3D06A /* Build configuration list for PBXProject "Tempconvert" */;
			compatibilityVersion = "Xcode 14.0";
			developmentRegion = en;
			hasScannedForEncodings = 0;
			knownRegions = (
				en,
				Base,
			);
			mainGroup = B1D4202329C0A23A00C3D06A;
			productRefGroup = B1D4202D29C0A23B00C3D06A /* Products */;
			projectDirPath = "";
			projectRoot = "";
			targets = (
				B1D4202B29C0A23B00C3D06A /* Tempconvert */,
				B1D4204129C0A24100C3D06A /* TempconvertTests */,
				B1D4204B29C0A24100C3D06A /* TempconvertUITests */,
			);
		};
/* End PBXProject section */

/* Begin PBXResourcesBuildPhase section */
		B1D4202A29C0A23B00C3D06A /* Resources */ = {
			isa = PBXResourcesBuildPhase;
			buildActionMask = 2147483647;
			files = (
				B1D4203C29C0A24100C3D06A /* LaunchScreen.storyboard in Resources */,
				B1D4203929C0A24100C3D06A /* Assets.xcassets in Resources */,
				B1D4203729C0A23B00C3D06A /* Main.storyboard in Resources */,
			);
			runOnlyForDeploymentPostprocessing = 0;
		};
		B1D4204029C0A24100C3D06A /* Resources */ = {
			isa = PBXResourcesBuildPhase;
			buildActionMask = 2147483647;
			files = (
			);
			runOnlyForDeploymentPostprocessing = 0;
		};
		B1D4204A29C0A24100C3D06A /* Resources */ = {
			isa = PBXResourcesBuildPhase;
			buildActionMask = 2147483647;
			files = (
			);
			runOnlyForDeploymentPostprocessing = 0;
		};
/* End PBXResourcesBuildPhase section */

/* Begin PBXSourcesBuildPhase section */
		B1D4202829C0A23B00C3D06A /* Sources */ = {
			isa = PBXSourcesBuildPhase;
			buildActionMask = 2147483647;
			files = (
				B1D4203429C0A23B00C3D06A /* ViewController.swift in Sources */,
				B11B234929C0FEBC0065BBCF /* CelciusConverter.swift in Sources */,
				B1D4203029C0A23B00C3D06A /* AppDelegate.swift in Sources */,
				B1D4203229C0A23B00C3D06A /* SceneDelegate.swift in Sources */,
			);
			runOnlyForDeploymentPostprocessing = 0;
		};
		B1D4203E29C0A24100C3D06A /* Sources */ = {
			isa = PBXSourcesBuildPhase;
			buildActionMask = 2147483647;
			files = (
				B1D4204729C0A24100C3D06A /* TempconvertTests.swift in Sources */,
			);
			runOnlyForDeploymentPostprocessing = 0;
		};
		B1D4204829C0A24100C3D06A /* Sources */ = {
			isa = PBXSourcesBuildPhase;
			buildActionMask = 2147483647;
			files = (
				B1D4205329C0A24100C3D06A /* TempconvertUITestsLaunchTests.swift in Sources */,
				B1D4205129C0A24100C3D06A /* TempconvertUITests.swift in Sources */,
			);
			runOnlyForDeploymentPostprocessing = 0;
		};
/* End PBXSourcesBuildPhase section */

/* Begin PBXTargetDependency section */
		B1D4204429C0A24100C3D06A /* PBXTargetDependency */ = {
			isa = PBXTargetDependency;
			target = B1D4202B29C0A23B00C3D06A /* Tempconvert */;
			targetProxy = B1D4204329C0A24100C3D06A /* PBXContainerItemProxy */;
		};
		B1D4204E29C0A24100C3D06A /* PBXTargetDependency */ = {
			isa = PBXTargetDependency;
			target = B1D4202B29C0A23B00C3D06A /* Tempconvert */;
			targetProxy = B1D4204D29C0A24100C3D06A /* PBXContainerItemProxy */;
		};
/* End PBXTargetDependency section */

/* Begin PBXVariantGroup section */
		B1D4203529C0A23B00C3D06A /* Main.storyboard */ = {
			isa = PBXVariantGroup;
			children = (
				B1D4203629C0A23B00C3D06A /* Base */,
			);
			name = Main.storyboard;
			sourceTree = "<group>";
		};
		B1D4203A29C0A24100C3D06A /* LaunchScreen.storyboard */ = {
			isa = PBXVariantGroup;
			children = (
				B1D4203B29C0A24100C3D06A /* Base */,
			);
			name = LaunchScreen.storyboard;
			sourceTree = "<group>";
		};
/* End PBXVariantGroup section */

/* Begin XCBuildConfiguration section */
		B1D4205429C0A24100C3D06A /* Debug */ = {
			isa = XCBuildConfiguration;
			buildSettings = {
				ALWAYS_SEARCH_USER_PATHS = NO;
				CLANG_ANALYZER_NONNULL = YES;
				CLANG_ANALYZER_NUMBER_OBJECT_CONVERSION = YES_AGGRESSIVE;
				CLANG_CXX_LANGUAGE_STANDARD = "gnu++20";
				CLANG_ENABLE_MODULES = YES;
				CLANG_ENABLE_OBJC_ARC = YES;
				CLANG_ENABLE_OBJC_WEAK = YES;
				CLANG_WARN_BLOCK_CAPTURE_AUTORELEASING = YES;
				CLANG_WARN_BOOL_CONVERSION = YES;
				CLANG_WARN_COMMA = YES;
				CLANG_WARN_CONSTANT_CONVERSION = YES;
				CLANG_WARN_DEPRECATED_OBJC_IMPLEMENTATIONS = YES;
				CLANG_WARN_DIRECT_OBJC_ISA_USAGE = YES_ERROR;
				CLANG_WARN_DOCUMENTATION_COMMENTS = YES;
				CLANG_WARN_EMPTY_BODY = YES;
				CLANG_WARN_ENUM_CONVERSION = YES;
				CLANG_WARN_INFINITE_RECURSION = YES;
				CLANG_WARN_INT_CONVERSION = YES;
				CLANG_WARN_NON_LITERAL_NULL_CONVERSION = YES;
				CLANG_WARN_OBJC_IMPLICIT_RETAIN_SELF = YES;
				CLANG_WARN_OBJC_LITERAL_CONVERSION = YES;
				CLANG_WARN_OBJC_ROOT_CLASS = YES_ERROR;
				CLANG_WARN_QUOTED_INCLUDE_IN_FRAMEWORK_HEADER = YES;
				CLANG_WARN_RANGE_LOOP_ANALYSIS = YES;
				CLANG_WARN_STRICT_PROTOTYPES = YES;
				CLANG_WARN_SUSPICIOUS_MOVE = YES;
				CLANG_WARN_UNGUARDED_AVAILABILITY = YES_AGGRESSIVE;
				CLANG_WARN_UNREACHABLE_CODE = YES;
				CLANG_WARN__DUPLICATE_METHOD_MATCH = YES;
				COPY_PHASE_STRIP = NO;
				DEBUG_INFORMATION_FORMAT = dwarf;
				ENABLE_STRICT_OBJC_MSGSEND = YES;
				ENABLE_TESTABILITY = YES;
				GCC_C_LANGUAGE_STANDARD = gnu11;
				GCC_DYNAMIC_NO_PIC = NO;
				GCC_NO_COMMON_BLOCKS = YES;
				GCC_OPTIMIZATION_LEVEL = 0;
				GCC_PREPROCESSOR_DEFINITIONS = (
					"DEBUG=1",
					"$(inherited)",
				);
				GCC_WARN_64_TO_32_BIT_CONVERSION = YES;
				GCC_WARN_ABOUT_RETURN_TYPE = YES_ERROR;
				GCC_WARN_UNDECLARED_SELECTOR = YES;
				GCC_WARN_UNINITIALIZED_AUTOS = YES_AGGRESSIVE;
				GCC_WARN_UNUSED_FUNCTION = YES;
				GCC_WARN_UNUSED_VARIABLE = YES;
				IPHONEOS_DEPLOYMENT_TARGET = 16.2;
				MTL_ENABLE_DEBUG_INFO = INCLUDE_SOURCE;
				MTL_FAST_MATH = YES;
				ONLY_ACTIVE_ARCH = YES;
				SDKROOT = iphoneos;
				SWIFT_ACTIVE_COMPILATION_CONDITIONS = DEBUG;
				SWIFT_OPTIMIZATION_LEVEL = "-Onone";
			};
			name = Debug;
		};
		B1D4205529C0A24100C3D06A /* Release */ = {
			isa = XCBuildConfiguration;
			buildSettings = {
				ALWAYS_SEARCH_USER_PATHS = NO;
				CLANG_ANALYZER_NONNULL = YES;
				CLANG_ANALYZER_NUMBER_OBJECT_CONVERSION = YES_AGGRESSIVE;
				CLANG_CXX_LANGUAGE_STANDARD = "gnu++20";
				CLANG_ENABLE_MODULES = YES;
				CLANG_ENABLE_OBJC_ARC = YES;
				CLANG_ENABLE_OBJC_WEAK = YES;
				CLANG_WARN_BLOCK_CAPTURE_AUTORELEASING = YES;
				CLANG_WARN_BOOL_CONVERSION = YES;
				CLANG_WARN_COMMA = YES;
				CLANG_WARN_CONSTANT_CONVERSION = YES;
				CLANG_WARN_DEPRECATED_OBJC_IMPLEMENTATIONS = YES;
				CLANG_WARN_DIRECT_OBJC_ISA_USAGE = YES_ERROR;
				CLANG_WARN_DOCUMENTATION_COMMENTS = YES;
				CLANG_WARN_EMPTY_BODY = YES;
				CLANG_WARN_ENUM_CONVERSION = YES;
				CLANG_WARN_INFINITE_RECURSION = YES;
				CLANG_WARN_INT_CONVERSION = YES;
				CLANG_WARN_NON_LITERAL_NULL_CONVERSION = YES;
				CLANG_WARN_OBJC_IMPLICIT_RETAIN_SELF = YES;
				CLANG_WARN_OBJC_LITERAL_CONVERSION = YES;
				CLANG_WARN_OBJC_ROOT_CLASS = YES_ERROR;
				CLANG_WARN_QUOTED_INCLUDE_IN_FRAMEWORK_HEADER = YES;
				CLANG_WARN_RANGE_LOOP_ANALYSIS = YES;
				CLANG_WARN_STRICT_PROTOTYPES = YES;
				CLANG_WARN_SUSPICIOUS_MOVE = YES;
				CLANG_WARN_UNGUARDED_AVAILABILITY = YES_AGGRESSIVE;
				CLANG_WARN_UNREACHABLE_CODE = YES;
				CLANG_WARN__DUPLICATE_METHOD_MATCH = YES;
				COPY_PHASE_STRIP = NO;
				DEBUG_INFORMATION_FORMAT = "dwarf-with-dsym";
				ENABLE_NS_ASSERTIONS = NO;
				ENABLE_STRICT_OBJC_MSGSEND = YES;
				GCC_C_LANGUAGE_STANDARD = gnu11;
				GCC_NO_COMMON_BLOCKS = YES;
				GCC_WARN_64_TO_32_BIT_CONVERSION = YES;
				GCC_WARN_ABOUT_RETURN_TYPE = YES_ERROR;
				GCC_WARN_UNDECLARED_SELECTOR = YES;
				GCC_WARN_UNINITIALIZED_AUTOS = YES_AGGRESSIVE;
				GCC_WARN_UNUSED_FUNCTION = YES;
				GCC_WARN_UNUSED_VARIABLE = YES;
				IPHONEOS_DEPLOYMENT_TARGET = 16.2;
				MTL_ENABLE_DEBUG_INFO = NO;
				MTL_FAST_MATH = YES;
				SDKROOT = iphoneos;
				SWIFT_COMPILATION_MODE = wholemodule;
				SWIFT_OPTIMIZATION_LEVEL = "-O";
				VALIDATE_PRODUCT = YES;
			};
			name = Release;
		};
		B1D4205729C0A24100C3D06A /* Debug */ = {
			isa = XCBuildConfiguration;
			buildSettings = {
				ASSETCATALOG_COMPILER_APPICON_NAME = AppIcon;
				ASSETCATALOG_COMPILER_GLOBAL_ACCENT_COLOR_NAME = AccentColor;
				CODE_SIGN_STYLE = Automatic;
				CURRENT_PROJECT_VERSION = 1;
				DEVELOPMENT_TEAM = LUJ98HR39R;
				GENERATE_INFOPLIST_FILE = YES;
				INFOPLIST_FILE = Tempconvert/Info.plist;
				INFOPLIST_KEY_UIApplicationSupportsIndirectInputEvents = YES;
				INFOPLIST_KEY_UILaunchStoryboardName = LaunchScreen;
				INFOPLIST_KEY_UIMainStoryboardFile = Main;
				INFOPLIST_KEY_UISupportedInterfaceOrientations_iPad = "UIInterfaceOrientationPortrait UIInterfaceOrientationPortraitUpsideDown UIInterfaceOrientationLandscapeLeft UIInterfaceOrientationLandscapeRight";
				INFOPLIST_KEY_UISupportedInterfaceOrientations_iPhone = "UIInterfaceOrientationPortrait UIInterfaceOrientationLandscapeLeft UIInterfaceOrientationLandscapeRight";
				LD_RUNPATH_SEARCH_PATHS = (
					"$(inherited)",
					"@executable_path/Frameworks",
				);
				MARKETING_VERSION = 1.0;
				PRODUCT_BUNDLE_IDENTIFIER = com.example.Tempconvert;
				PRODUCT_NAME = "$(TARGET_NAME)";
				SWIFT_EMIT_LOC_STRINGS = YES;
				SWIFT_VERSION = 5.0;
				TARGETED_DEVICE_FAMILY = "1,2";
			};
			name = Debug;
		};
		B1D4205829C0A24100C3D06A /* Release */ = {
			isa = XCBuildConfiguration;
			buildSettings = {
				ASSETCATALOG_COMPILER_APPICON_NAME = AppIcon;
				ASSETCATALOG_COMPILER_GLOBAL_ACCENT_COLOR_NAME = AccentColor;
				CODE_SIGN_STYLE = Automatic;
				CURRENT_PROJECT_VERSION = 1;
				DEVELOPMENT_TEAM = LUJ98HR39R;
				GENERATE_INFOPLIST_FILE = YES;
				INFOPLIST_FILE = Tempconvert/Info.plist;
				INFOPLIST_KEY_UIApplicationSupportsIndirectInputEvents = YES;
				INFOPLIST_KEY_UILaunchStoryboardName = LaunchScreen;
				INFOPLIST_KEY_UIMainStoryboardFile = Main;
				INFOPLIST_KEY_UISupportedInterfaceOrientations_iPad = "UIInterfaceOrientationPortrait UIInterfaceOrientationPortraitUpsideDown UIInterfaceOrientationLandscapeLeft UIInterfaceOrientationLandscapeRight";
				INFOPLIST_KEY_UISupportedInterfaceOrientations_iPhone = "UIInterfaceOrientationPortrait UIInterfaceOrientationLandscapeLeft UIInterfaceOrientationLandscapeRight";
				LD_RUNPATH_SEARCH_PATHS = (
					"$(inherited)",
					"@executable_path/Frameworks",
				);
				MARKETING_VERSION = 1.0;
				PRODUCT_BUNDLE_IDENTIFIER = com.example.Tempconvert;
				PRODUCT_NAME = "$(TARGET_NAME)";
				SWIFT_EMIT_LOC_STRINGS = YES;
				SWIFT_VERSION = 5.0;
				TARGETED_DEVICE_FAMILY = "1,2";
			};
			name = Release;
		};
		B1D4205A29C0A24100C3D06A /* Debug */ = {
			isa = XCBuildConfiguration;
			buildSettings = {
				ALWAYS_EMBED_SWIFT_STANDARD_LIBRARIES = YES;
				BUNDLE_LOADER = "$(TEST_HOST)";
				CODE_SIGN_STYLE = Automatic;
				CURRENT_PROJECT_VERSION = 1;
				DEVELOPMENT_TEAM = LUJ98HR39R;
				GENERATE_INFOPLIST_FILE = YES;
				IPHONEOS_DEPLOYMENT_TARGET = 16.2;
				MARKETING_VERSION = 1.0;
				PRODUCT_BUNDLE_IDENTIFIER = com.example.TempconvertTests;
				PRODUCT_NAME = "$(TARGET_NAME)";
				SWIFT_EMIT_LOC_STRINGS = NO;
				SWIFT_VERSION = 5.0;
				TARGETED_DEVICE_FAMILY = "1,2";
				TEST_HOST = "$(BUILT_PRODUCTS_DIR)/Tempconvert.app/$(BUNDLE_EXECUTABLE_FOLDER_PATH)/Tempconvert";
			};
			name = Debug;
		};
		B1D4205B29C0A24100C3D06A /* Release */ = {
			isa = XCBuildConfiguration;
			buildSettings = {
				ALWAYS_EMBED_SWIFT_STANDARD_LIBRARIES = YES;
				BUNDLE_LOADER = "$(TEST_HOST)";
				CODE_SIGN_STYLE = Automatic;
				CURRENT_PROJECT_VERSION = 1;
				DEVELOPMENT_TEAM = LUJ98HR39R;
				GENERATE_INFOPLIST_FILE = YES;
				IPHONEOS_DEPLOYMENT_TARGET = 16.2;
				MARKETING_VERSION = 1.0;
				PRODUCT_BUNDLE_IDENTIFIER = com.example.TempconvertTests;
				PRODUCT_NAME = "$(TARGET_NAME)";
				SWIFT_EMIT_LOC_STRINGS = NO;
				SWIFT_VERSION = 5.0;
				TARGETED_DEVICE_FAMILY = "1,2";
				TEST_HOST = "$(BUILT_PRODUCTS_DIR)/Tempconvert.app/$(BUNDLE_EXECUTABLE_FOLDER_PATH)/Tempconvert";
			};
			name = Release;
		};
		B1D4205D29C0A24100C3D06A /* Debug */ = {
			isa = XCBuildConfiguration;
			buildSettings = {
				ALWAYS_EMBED_SWIFT_STANDARD_LIBRARIES = YES;
				CODE_SIGN_STYLE = Automatic;
				CURRENT_PROJECT_VERSION = 1;
				DEVELOPMENT_TEAM = LUJ98HR39R;
				GENERATE_INFOPLIST_FILE = YES;
				MARKETING_VERSION = 1.0;
				PRODUCT_BUNDLE_IDENTIFIER = com.example.TempconvertUITests;
				PRODUCT_NAME = "$(TARGET_NAME)";
				SWIFT_EMIT_LOC_STRINGS = NO;
				SWIFT_VERSION = 5.0;
				TARGETED_DEVICE_FAMILY = "1,2";
				TEST_TARGET_NAME = Tempconvert;
			};
			name = Debug;
		};
		B1D4205E29C0A24100C3D06A /* Release */ = {
			isa = XCBuildConfiguration;
			buildSettings = {
				ALWAYS_EMBED_SWIFT_STANDARD_LIBRARIES = YES;
				CODE_SIGN_STYLE = Automatic;
				CURRENT_PROJECT_VERSION = 1;
				DEVELOPMENT_TEAM = LUJ98HR39R;
				GENERATE_INFOPLIST_FILE = YES;
				MARKETING_VERSION = 1.0;
				PRODUCT_BUNDLE_IDENTIFIER = com.example.TempconvertUITests;
				PRODUCT_NAME = "$(TARGET_NAME)";
				SWIFT_EMIT_LOC_STRINGS = NO;
				SWIFT_VERSION = 5.0;
				TARGETED_DEVICE_FAMILY = "1,2";
				TEST_TARGET_NAME = Tempconvert;
			};
			name = Release;
		};
/* End XCBuildConfiguration section */

/* Begin XCConfigurationList section */
		B1D4202729C0A23A00C3D06A /* Build configuration list for PBXProject "Tempconvert" */ = {
			isa = XCConfigurationList;
			buildConfigurations = (
				B1D4205429C0A24100C3D06A /* Debug */,
				B1D4205529C0A24100C3D06A /* Release */,
			);
			defaultConfigurationIsVisible = 0;
			defaultConfigurationName = Release;
		};
		B1D4205629C0A24100C3D06A /* Build configuration list for PBXNativeTarget "Tempconvert" */ = {
			isa = XCConfigurationList;
			buildConfigurations = (
				B1D4205729C0A24100C3D06A /* Debug */,
				B1D4205829C0A24100C3D06A /* Release */,
			);
			defaultConfigurationIsVisible = 0;
			defaultConfigurationName = Release;
		};
		B1D4205929C0A24100C3D06A /* Build configuration list for PBXNativeTarget "TempconvertTests" */ = {
			isa = XCConfigurationList;
			buildConfigurations = (
				B1D4205A29C0A24100C3D06A /* Debug */,
				B1D4205B29C0A24100C3D06A /* Release */,
			);
			defaultConfigurationIsVisible = 0;
			defaultConfigurationName = Release;
		};
		B1D4205C29C0A24100C3D06A /* Build configuration list for PBXNativeTarget "TempconvertUITests" */ = {
			isa = XCConfigurationList;
			buildConfigurations = (
				B1D4205D29C0A24100C3D06A /* Debug */,
				B1D4205E29C0A24100C3D06A /* Release */,
			);
			defaultConfigurationIsVisible = 0;
			defaultConfigurationName = Release;
		};
/* End XCConfigurationList section */
	};
	rootObject = B1D4202429C0A23A00C3D06A /* Project object */;
}
